// !$*UTF8*$!
{
	archiveVersion = 1;
	classes = {
	};
	objectVersion = 56;
	objects = {

/* Begin PBXBuildFile section */
		126BA8A32BAB1C03002B089B /* AppDelegate.swift in Sources */ = {isa = PBXBuildFile; fileRef = 126BA8A22BAB1C03002B089B /* AppDelegate.swift */; };
		126BA8A52BAB1C03002B089B /* SceneDelegate.swift in Sources */ = {isa = PBXBuildFile; fileRef = 126BA8A42BAB1C03002B089B /* SceneDelegate.swift */; };
		126BA8A72BAB1C03002B089B /* ViewController.swift in Sources */ = {isa = PBXBuildFile; fileRef = 126BA8A62BAB1C03002B089B /* ViewController.swift */; };
		126BA8AA2BAB1C03002B089B /* Main.storyboard in Resources */ = {isa = PBXBuildFile; fileRef = 126BA8A82BAB1C03002B089B /* Main.storyboard */; };
		126BA8AC2BAB1C04002B089B /* Assets.xcassets in Resources */ = {isa = PBXBuildFile; fileRef = 126BA8AB2BAB1C04002B089B /* Assets.xcassets */; };
		126BA8AF2BAB1C04002B089B /* LaunchScreen.storyboard in Resources */ = {isa = PBXBuildFile; fileRef = 126BA8AD2BAB1C04002B089B /* LaunchScreen.storyboard */; };
		126BA8BA2BAB1C04002B089B /* nBolhaTests.swift in Sources */ = {isa = PBXBuildFile; fileRef = 126BA8B92BAB1C04002B089B /* nBolhaTests.swift */; };
		126BA8C42BAB1C04002B089B /* nBolhaUITests.swift in Sources */ = {isa = PBXBuildFile; fileRef = 126BA8C32BAB1C04002B089B /* nBolhaUITests.swift */; };
		126BA8C62BAB1C04002B089B /* nBolhaUITestsLaunchTests.swift in Sources */ = {isa = PBXBuildFile; fileRef = 126BA8C52BAB1C04002B089B /* nBolhaUITestsLaunchTests.swift */; };
/* End PBXBuildFile section */

/* Begin PBXContainerItemProxy section */
		126BA8B62BAB1C04002B089B /* PBXContainerItemProxy */ = {
			isa = PBXContainerItemProxy;
			containerPortal = 126BA8972BAB1C03002B089B /* Project object */;
			proxyType = 1;
			remoteGlobalIDString = 126BA89E2BAB1C03002B089B;
			remoteInfo = nBolha;
		};
		126BA8C02BAB1C04002B089B /* PBXContainerItemProxy */ = {
			isa = PBXContainerItemProxy;
			containerPortal = 126BA8972BAB1C03002B089B /* Project object */;
			proxyType = 1;
			remoteGlobalIDString = 126BA89E2BAB1C03002B089B;
			remoteInfo = nBolha;
		};
/* End PBXContainerItemProxy section */

/* Begin PBXFileReference section */
		126BA89F2BAB1C03002B089B /* nBolha.app */ = {isa = PBXFileReference; explicitFileType = wrapper.application; includeInIndex = 0; path = nBolha.app; sourceTree = BUILT_PRODUCTS_DIR; };
		126BA8A22BAB1C03002B089B /* AppDelegate.swift */ = {isa = PBXFileReference; lastKnownFileType = sourcecode.swift; path = AppDelegate.swift; sourceTree = "<group>"; };
		126BA8A42BAB1C03002B089B /* SceneDelegate.swift */ = {isa = PBXFileReference; lastKnownFileType = sourcecode.swift; path = SceneDelegate.swift; sourceTree = "<group>"; };
		126BA8A62BAB1C03002B089B /* ViewController.swift */ = {isa = PBXFileReference; lastKnownFileType = sourcecode.swift; path = ViewController.swift; sourceTree = "<group>"; };
		126BA8A92BAB1C03002B089B /* Base */ = {isa = PBXFileReference; lastKnownFileType = file.storyboard; name = Base; path = Base.lproj/Main.storyboard; sourceTree = "<group>"; };
		126BA8AB2BAB1C04002B089B /* Assets.xcassets */ = {isa = PBXFileReference; lastKnownFileType = folder.assetcatalog; path = Assets.xcassets; sourceTree = "<group>"; };
		126BA8AE2BAB1C04002B089B /* Base */ = {isa = PBXFileReference; lastKnownFileType = file.storyboard; name = Base; path = Base.lproj/LaunchScreen.storyboard; sourceTree = "<group>"; };
		126BA8B02BAB1C04002B089B /* Info.plist */ = {isa = PBXFileReference; lastKnownFileType = text.plist.xml; path = Info.plist; sourceTree = "<group>"; };
		126BA8B52BAB1C04002B089B /* nBolhaTests.xctest */ = {isa = PBXFileReference; explicitFileType = wrapper.cfbundle; includeInIndex = 0; path = nBolhaTests.xctest; sourceTree = BUILT_PRODUCTS_DIR; };
		126BA8B92BAB1C04002B089B /* nBolhaTests.swift */ = {isa = PBXFileReference; lastKnownFileType = sourcecode.swift; path = nBolhaTests.swift; sourceTree = "<group>"; };
		126BA8BF2BAB1C04002B089B /* nBolhaUITests.xctest */ = {isa = PBXFileReference; explicitFileType = wrapper.cfbundle; includeInIndex = 0; path = nBolhaUITests.xctest; sourceTree = BUILT_PRODUCTS_DIR; };
		126BA8C32BAB1C04002B089B /* nBolhaUITests.swift */ = {isa = PBXFileReference; lastKnownFileType = sourcecode.swift; path = nBolhaUITests.swift; sourceTree = "<group>"; };
		126BA8C52BAB1C04002B089B /* nBolhaUITestsLaunchTests.swift */ = {isa = PBXFileReference; lastKnownFileType = sourcecode.swift; path = nBolhaUITestsLaunchTests.swift; sourceTree = "<group>"; };
/* End PBXFileReference section */

/* Begin PBXFrameworksBuildPhase section */
		126BA89C2BAB1C03002B089B /* Frameworks */ = {
			isa = PBXFrameworksBuildPhase;
			buildActionMask = 2147483647;
			files = (
			);
			runOnlyForDeploymentPostprocessing = 0;
		};
		126BA8B22BAB1C04002B089B /* Frameworks */ = {
			isa = PBXFrameworksBuildPhase;
			buildActionMask = 2147483647;
			files = (
			);
			runOnlyForDeploymentPostprocessing = 0;
		};
		126BA8BC2BAB1C04002B089B /* Frameworks */ = {
			isa = PBXFrameworksBuildPhase;
			buildActionMask = 2147483647;
			files = (
			);
			runOnlyForDeploymentPostprocessing = 0;
		};
/* End PBXFrameworksBuildPhase section */

/* Begin PBXGroup section */
		126BA8962BAB1C03002B089B = {
			isa = PBXGroup;
			children = (
				126BA8A12BAB1C03002B089B /* nBolha */,
				126BA8B82BAB1C04002B089B /* nBolhaTests */,
				126BA8C22BAB1C04002B089B /* nBolhaUITests */,
				126BA8A02BAB1C03002B089B /* Products */,
			);
			sourceTree = "<group>";
		};
		126BA8A02BAB1C03002B089B /* Products */ = {
			isa = PBXGroup;
			children = (
				126BA89F2BAB1C03002B089B /* nBolha.app */,
				126BA8B52BAB1C04002B089B /* nBolhaTests.xctest */,
				126BA8BF2BAB1C04002B089B /* nBolhaUITests.xctest */,
			);
			name = Products;
			sourceTree = "<group>";
		};
		126BA8A12BAB1C03002B089B /* nBolha */ = {
			isa = PBXGroup;
			children = (
				126BA8A22BAB1C03002B089B /* AppDelegate.swift */,
				126BA8A42BAB1C03002B089B /* SceneDelegate.swift */,
				126BA8A62BAB1C03002B089B /* ViewController.swift */,
				126BA8A82BAB1C03002B089B /* Main.storyboard */,
				126BA8AB2BAB1C04002B089B /* Assets.xcassets */,
				126BA8AD2BAB1C04002B089B /* LaunchScreen.storyboard */,
				126BA8B02BAB1C04002B089B /* Info.plist */,
			);
			path = nBolha;
			sourceTree = "<group>";
		};
		126BA8B82BAB1C04002B089B /* nBolhaTests */ = {
			isa = PBXGroup;
			children = (
				126BA8B92BAB1C04002B089B /* nBolhaTests.swift */,
			);
			path = nBolhaTests;
			sourceTree = "<group>";
		};
		126BA8C22BAB1C04002B089B /* nBolhaUITests */ = {
			isa = PBXGroup;
			children = (
				126BA8C32BAB1C04002B089B /* nBolhaUITests.swift */,
				126BA8C52BAB1C04002B089B /* nBolhaUITestsLaunchTests.swift */,
			);
			path = nBolhaUITests;
			sourceTree = "<group>";
		};
/* End PBXGroup section */

/* Begin PBXNativeTarget section */
		126BA89E2BAB1C03002B089B /* nBolha */ = {
			isa = PBXNativeTarget;
			buildConfigurationList = 126BA8C92BAB1C04002B089B /* Build configuration list for PBXNativeTarget "nBolha" */;
			buildPhases = (
				126BA89B2BAB1C03002B089B /* Sources */,
				126BA89C2BAB1C03002B089B /* Frameworks */,
				126BA89D2BAB1C03002B089B /* Resources */,
			);
			buildRules = (
			);
			dependencies = (
			);
			name = nBolha;
			productName = nBolha;
			productReference = 126BA89F2BAB1C03002B089B /* nBolha.app */;
			productType = "com.apple.product-type.application";
		};
		126BA8B42BAB1C04002B089B /* nBolhaTests */ = {
			isa = PBXNativeTarget;
			buildConfigurationList = 126BA8CC2BAB1C04002B089B /* Build configuration list for PBXNativeTarget "nBolhaTests" */;
			buildPhases = (
				126BA8B12BAB1C04002B089B /* Sources */,
				126BA8B22BAB1C04002B089B /* Frameworks */,
				126BA8B32BAB1C04002B089B /* Resources */,
			);
			buildRules = (
			);
			dependencies = (
				126BA8B72BAB1C04002B089B /* PBXTargetDependency */,
			);
			name = nBolhaTests;
			productName = nBolhaTests;
			productReference = 126BA8B52BAB1C04002B089B /* nBolhaTests.xctest */;
			productType = "com.apple.product-type.bundle.unit-test";
		};
		126BA8BE2BAB1C04002B089B /* nBolhaUITests */ = {
			isa = PBXNativeTarget;
			buildConfigurationList = 126BA8CF2BAB1C04002B089B /* Build configuration list for PBXNativeTarget "nBolhaUITests" */;
			buildPhases = (
				126BA8BB2BAB1C04002B089B /* Sources */,
				126BA8BC2BAB1C04002B089B /* Frameworks */,
				126BA8BD2BAB1C04002B089B /* Resources */,
			);
			buildRules = (
			);
			dependencies = (
				126BA8C12BAB1C04002B089B /* PBXTargetDependency */,
			);
			name = nBolhaUITests;
			productName = nBolhaUITests;
			productReference = 126BA8BF2BAB1C04002B089B /* nBolhaUITests.xctest */;
			productType = "com.apple.product-type.bundle.ui-testing";
		};
/* End PBXNativeTarget section */

/* Begin PBXProject section */
		126BA8972BAB1C03002B089B /* Project object */ = {
			isa = PBXProject;
			attributes = {
				BuildIndependentTargetsInParallel = 1;
				LastSwiftUpdateCheck = 1520;
				LastUpgradeCheck = 1520;
				TargetAttributes = {
					126BA89E2BAB1C03002B089B = {
						CreatedOnToolsVersion = 15.2;
					};
					126BA8B42BAB1C04002B089B = {
						CreatedOnToolsVersion = 15.2;
						TestTargetID = 126BA89E2BAB1C03002B089B;
					};
					126BA8BE2BAB1C04002B089B = {
						CreatedOnToolsVersion = 15.2;
						TestTargetID = 126BA89E2BAB1C03002B089B;
					};
				};
			};
			buildConfigurationList = 126BA89A2BAB1C03002B089B /* Build configuration list for PBXProject "nBolha" */;
			compatibilityVersion = "Xcode 14.0";
			developmentRegion = en;
			hasScannedForEncodings = 0;
			knownRegions = (
				en,
				Base,
			);
			mainGroup = 126BA8962BAB1C03002B089B;
			productRefGroup = 126BA8A02BAB1C03002B089B /* Products */;
			projectDirPath = "";
			projectRoot = "";
			targets = (
				126BA89E2BAB1C03002B089B /* nBolha */,
				126BA8B42BAB1C04002B089B /* nBolhaTests */,
				126BA8BE2BAB1C04002B089B /* nBolhaUITests */,
			);
		};
/* End PBXProject section */

/* Begin PBXResourcesBuildPhase section */
		126BA89D2BAB1C03002B089B /* Resources */ = {
			isa = PBXResourcesBuildPhase;
			buildActionMask = 2147483647;
			files = (
				126BA8AF2BAB1C04002B089B /* LaunchScreen.storyboard in Resources */,
				126BA8AC2BAB1C04002B089B /* Assets.xcassets in Resources */,
				126BA8AA2BAB1C03002B089B /* Main.storyboard in Resources */,
			);
			runOnlyForDeploymentPostprocessing = 0;
		};
		126BA8B32BAB1C04002B089B /* Resources */ = {
			isa = PBXResourcesBuildPhase;
			buildActionMask = 2147483647;
			files = (
			);
			runOnlyForDeploymentPostprocessing = 0;
		};
		126BA8BD2BAB1C04002B089B /* Resources */ = {
			isa = PBXResourcesBuildPhase;
			buildActionMask = 2147483647;
			files = (
			);
			runOnlyForDeploymentPostprocessing = 0;
		};
/* End PBXResourcesBuildPhase section */

/* Begin PBXSourcesBuildPhase section */
		126BA89B2BAB1C03002B089B /* Sources */ = {
			isa = PBXSourcesBuildPhase;
			buildActionMask = 2147483647;
			files = (
				126BA8A72BAB1C03002B089B /* ViewController.swift in Sources */,
				126BA8A32BAB1C03002B089B /* AppDelegate.swift in Sources */,
				126BA8A52BAB1C03002B089B /* SceneDelegate.swift in Sources */,
			);
			runOnlyForDeploymentPostprocessing = 0;
		};
		126BA8B12BAB1C04002B089B /* Sources */ = {
			isa = PBXSourcesBuildPhase;
			buildActionMask = 2147483647;
			files = (
				126BA8BA2BAB1C04002B089B /* nBolhaTests.swift in Sources */,
			);
			runOnlyForDeploymentPostprocessing = 0;
		};
		126BA8BB2BAB1C04002B089B /* Sources */ = {
			isa = PBXSourcesBuildPhase;
			buildActionMask = 2147483647;
			files = (
				126BA8C62BAB1C04002B089B /* nBolhaUITestsLaunchTests.swift in Sources */,
				126BA8C42BAB1C04002B089B /* nBolhaUITests.swift in Sources */,
			);
			runOnlyForDeploymentPostprocessing = 0;
		};
/* End PBXSourcesBuildPhase section */

/* Begin PBXTargetDependency section */
		126BA8B72BAB1C04002B089B /* PBXTargetDependency */ = {
			isa = PBXTargetDependency;
			target = 126BA89E2BAB1C03002B089B /* nBolha */;
			targetProxy = 126BA8B62BAB1C04002B089B /* PBXContainerItemProxy */;
		};
		126BA8C12BAB1C04002B089B /* PBXTargetDependency */ = {
			isa = PBXTargetDependency;
			target = 126BA89E2BAB1C03002B089B /* nBolha */;
			targetProxy = 126BA8C02BAB1C04002B089B /* PBXContainerItemProxy */;
		};
/* End PBXTargetDependency section */

/* Begin PBXVariantGroup section */
		126BA8A82BAB1C03002B089B /* Main.storyboard */ = {
			isa = PBXVariantGroup;
			children = (
				126BA8A92BAB1C03002B089B /* Base */,
			);
			name = Main.storyboard;
			sourceTree = "<group>";
		};
		126BA8AD2BAB1C04002B089B /* LaunchScreen.storyboard */ = {
			isa = PBXVariantGroup;
			children = (
				126BA8AE2BAB1C04002B089B /* Base */,
			);
			name = LaunchScreen.storyboard;
			sourceTree = "<group>";
		};
/* End PBXVariantGroup section */

/* Begin XCBuildConfiguration section */
		126BA8C72BAB1C04002B089B /* Debug */ = {
			isa = XCBuildConfiguration;
			buildSettings = {
				ALWAYS_SEARCH_USER_PATHS = NO;
				ASSETCATALOG_COMPILER_GENERATE_SWIFT_ASSET_SYMBOL_EXTENSIONS = YES;
				CLANG_ANALYZER_NONNULL = YES;
				CLANG_ANALYZER_NUMBER_OBJECT_CONVERSION = YES_AGGRESSIVE;
				CLANG_CXX_LANGUAGE_STANDARD = "gnu++20";
				CLANG_ENABLE_MODULES = YES;
				CLANG_ENABLE_OBJC_ARC = YES;
				CLANG_ENABLE_OBJC_WEAK = YES;
				CLANG_WARN_BLOCK_CAPTURE_AUTORELEASING = YES;
				CLANG_WARN_BOOL_CONVERSION = YES;
				CLANG_WARN_COMMA = YES;
				CLANG_WARN_CONSTANT_CONVERSION = YES;
				CLANG_WARN_DEPRECATED_OBJC_IMPLEMENTATIONS = YES;
				CLANG_WARN_DIRECT_OBJC_ISA_USAGE = YES_ERROR;
				CLANG_WARN_DOCUMENTATION_COMMENTS = YES;
				CLANG_WARN_EMPTY_BODY = YES;
				CLANG_WARN_ENUM_CONVERSION = YES;
				CLANG_WARN_INFINITE_RECURSION = YES;
				CLANG_WARN_INT_CONVERSION = YES;
				CLANG_WARN_NON_LITERAL_NULL_CONVERSION = YES;
				CLANG_WARN_OBJC_IMPLICIT_RETAIN_SELF = YES;
				CLANG_WARN_OBJC_LITERAL_CONVERSION = YES;
				CLANG_WARN_OBJC_ROOT_CLASS = YES_ERROR;
				CLANG_WARN_QUOTED_INCLUDE_IN_FRAMEWORK_HEADER = YES;
				CLANG_WARN_RANGE_LOOP_ANALYSIS = YES;
				CLANG_WARN_STRICT_PROTOTYPES = YES;
				CLANG_WARN_SUSPICIOUS_MOVE = YES;
				CLANG_WARN_UNGUARDED_AVAILABILITY = YES_AGGRESSIVE;
				CLANG_WARN_UNREACHABLE_CODE = YES;
				CLANG_WARN__DUPLICATE_METHOD_MATCH = YES;
				COPY_PHASE_STRIP = NO;
				DEBUG_INFORMATION_FORMAT = dwarf;
				ENABLE_STRICT_OBJC_MSGSEND = YES;
				ENABLE_TESTABILITY = YES;
				ENABLE_USER_SCRIPT_SANDBOXING = YES;
				GCC_C_LANGUAGE_STANDARD = gnu17;
				GCC_DYNAMIC_NO_PIC = NO;
				GCC_NO_COMMON_BLOCKS = YES;
				GCC_OPTIMIZATION_LEVEL = 0;
				GCC_PREPROCESSOR_DEFINITIONS = (
					"DEBUG=1",
					"$(inherited)",
				);
				GCC_WARN_64_TO_32_BIT_CONVERSION = YES;
				GCC_WARN_ABOUT_RETURN_TYPE = YES_ERROR;
				GCC_WARN_UNDECLARED_SELECTOR = YES;
				GCC_WARN_UNINITIALIZED_AUTOS = YES_AGGRESSIVE;
				GCC_WARN_UNUSED_FUNCTION = YES;
				GCC_WARN_UNUSED_VARIABLE = YES;
				IPHONEOS_DEPLOYMENT_TARGET = 17.2;
				LOCALIZATION_PREFERS_STRING_CATALOGS = YES;
				MTL_ENABLE_DEBUG_INFO = INCLUDE_SOURCE;
				MTL_FAST_MATH = YES;
				ONLY_ACTIVE_ARCH = YES;
				SDKROOT = iphoneos;
				SWIFT_ACTIVE_COMPILATION_CONDITIONS = "DEBUG $(inherited)";
				SWIFT_OPTIMIZATION_LEVEL = "-Onone";
			};
			name = Debug;
		};
		126BA8C82BAB1C04002B089B /* Release */ = {
			isa = XCBuildConfiguration;
			buildSettings = {
				ALWAYS_SEARCH_USER_PATHS = NO;
				ASSETCATALOG_COMPILER_GENERATE_SWIFT_ASSET_SYMBOL_EXTENSIONS = YES;
				CLANG_ANALYZER_NONNULL = YES;
				CLANG_ANALYZER_NUMBER_OBJECT_CONVERSION = YES_AGGRESSIVE;
				CLANG_CXX_LANGUAGE_STANDARD = "gnu++20";
				CLANG_ENABLE_MODULES = YES;
				CLANG_ENABLE_OBJC_ARC = YES;
				CLANG_ENABLE_OBJC_WEAK = YES;
				CLANG_WARN_BLOCK_CAPTURE_AUTORELEASING = YES;
				CLANG_WARN_BOOL_CONVERSION = YES;
				CLANG_WARN_COMMA = YES;
				CLANG_WARN_CONSTANT_CONVERSION = YES;
				CLANG_WARN_DEPRECATED_OBJC_IMPLEMENTATIONS = YES;
				CLANG_WARN_DIRECT_OBJC_ISA_USAGE = YES_ERROR;
				CLANG_WARN_DOCUMENTATION_COMMENTS = YES;
				CLANG_WARN_EMPTY_BODY = YES;
				CLANG_WARN_ENUM_CONVERSION = YES;
				CLANG_WARN_INFINITE_RECURSION = YES;
				CLANG_WARN_INT_CONVERSION = YES;
				CLANG_WARN_NON_LITERAL_NULL_CONVERSION = YES;
				CLANG_WARN_OBJC_IMPLICIT_RETAIN_SELF = YES;
				CLANG_WARN_OBJC_LITERAL_CONVERSION = YES;
				CLANG_WARN_OBJC_ROOT_CLASS = YES_ERROR;
				CLANG_WARN_QUOTED_INCLUDE_IN_FRAMEWORK_HEADER = YES;
				CLANG_WARN_RANGE_LOOP_ANALYSIS = YES;
				CLANG_WARN_STRICT_PROTOTYPES = YES;
				CLANG_WARN_SUSPICIOUS_MOVE = YES;
				CLANG_WARN_UNGUARDED_AVAILABILITY = YES_AGGRESSIVE;
				CLANG_WARN_UNREACHABLE_CODE = YES;
				CLANG_WARN__DUPLICATE_METHOD_MATCH = YES;
				COPY_PHASE_STRIP = NO;
				DEBUG_INFORMATION_FORMAT = "dwarf-with-dsym";
				ENABLE_NS_ASSERTIONS = NO;
				ENABLE_STRICT_OBJC_MSGSEND = YES;
				ENABLE_USER_SCRIPT_SANDBOXING = YES;
				GCC_C_LANGUAGE_STANDARD = gnu17;
				GCC_NO_COMMON_BLOCKS = YES;
				GCC_WARN_64_TO_32_BIT_CONVERSION = YES;
				GCC_WARN_ABOUT_RETURN_TYPE = YES_ERROR;
				GCC_WARN_UNDECLARED_SELECTOR = YES;
				GCC_WARN_UNINITIALIZED_AUTOS = YES_AGGRESSIVE;
				GCC_WARN_UNUSED_FUNCTION = YES;
				GCC_WARN_UNUSED_VARIABLE = YES;
				IPHONEOS_DEPLOYMENT_TARGET = 17.2;
				LOCALIZATION_PREFERS_STRING_CATALOGS = YES;
				MTL_ENABLE_DEBUG_INFO = NO;
				MTL_FAST_MATH = YES;
				SDKROOT = iphoneos;
				SWIFT_COMPILATION_MODE = wholemodule;
				VALIDATE_PRODUCT = YES;
			};
			name = Release;
		};
		126BA8CA2BAB1C04002B089B /* Debug */ = {
			isa = XCBuildConfiguration;
			buildSettings = {
				ASSETCATALOG_COMPILER_APPICON_NAME = AppIcon;
				ASSETCATALOG_COMPILER_GLOBAL_ACCENT_COLOR_NAME = AccentColor;
				CODE_SIGN_STYLE = Automatic;
				CURRENT_PROJECT_VERSION = 1;
				GENERATE_INFOPLIST_FILE = YES;
				INFOPLIST_FILE = nBolha/Info.plist;
				INFOPLIST_KEY_UIApplicationSupportsIndirectInputEvents = YES;
				INFOPLIST_KEY_UILaunchStoryboardName = LaunchScreen;
				INFOPLIST_KEY_UIMainStoryboardFile = Main;
				INFOPLIST_KEY_UISupportedInterfaceOrientations_iPad = "UIInterfaceOrientationPortrait UIInterfaceOrientationPortraitUpsideDown UIInterfaceOrientationLandscapeLeft UIInterfaceOrientationLandscapeRight";
				INFOPLIST_KEY_UISupportedInterfaceOrientations_iPhone = "UIInterfaceOrientationPortrait UIInterfaceOrientationLandscapeLeft UIInterfaceOrientationLandscapeRight";
				LD_RUNPATH_SEARCH_PATHS = (
					"$(inherited)",
					"@executable_path/Frameworks",
				);
				MARKETING_VERSION = 1.0;
				PRODUCT_BUNDLE_IDENTIFIER = com.nchain.nBolha;
				PRODUCT_NAME = "$(TARGET_NAME)";
				SWIFT_EMIT_LOC_STRINGS = YES;
				SWIFT_VERSION = 5.0;
				TARGETED_DEVICE_FAMILY = "1,2";
			};
			name = Debug;
		};
		126BA8CB2BAB1C04002B089B /* Release */ = {
			isa = XCBuildConfiguration;
			buildSettings = {
				ASSETCATALOG_COMPILER_APPICON_NAME = AppIcon;
				ASSETCATALOG_COMPILER_GLOBAL_ACCENT_COLOR_NAME = AccentColor;
				CODE_SIGN_STYLE = Automatic;
				CURRENT_PROJECT_VERSION = 1;
				GENERATE_INFOPLIST_FILE = YES;
				INFOPLIST_FILE = nBolha/Info.plist;
				INFOPLIST_KEY_UIApplicationSupportsIndirectInputEvents = YES;
				INFOPLIST_KEY_UILaunchStoryboardName = LaunchScreen;
				INFOPLIST_KEY_UIMainStoryboardFile = Main;
				INFOPLIST_KEY_UISupportedInterfaceOrientations_iPad = "UIInterfaceOrientationPortrait UIInterfaceOrientationPortraitUpsideDown UIInterfaceOrientationLandscapeLeft UIInterfaceOrientationLandscapeRight";
				INFOPLIST_KEY_UISupportedInterfaceOrientations_iPhone = "UIInterfaceOrientationPortrait UIInterfaceOrientationLandscapeLeft UIInterfaceOrientationLandscapeRight";
				LD_RUNPATH_SEARCH_PATHS = (
					"$(inherited)",
					"@executable_path/Frameworks",
				);
				MARKETING_VERSION = 1.0;
				PRODUCT_BUNDLE_IDENTIFIER = com.nchain.nBolha;
				PRODUCT_NAME = "$(TARGET_NAME)";
				SWIFT_EMIT_LOC_STRINGS = YES;
				SWIFT_VERSION = 5.0;
				TARGETED_DEVICE_FAMILY = "1,2";
			};
			name = Release;
		};
		126BA8CD2BAB1C04002B089B /* Debug */ = {
			isa = XCBuildConfiguration;
			buildSettings = {
				ALWAYS_EMBED_SWIFT_STANDARD_LIBRARIES = YES;
				BUNDLE_LOADER = "$(TEST_HOST)";
				CODE_SIGN_STYLE = Automatic;
				CURRENT_PROJECT_VERSION = 1;
				GENERATE_INFOPLIST_FILE = YES;
				IPHONEOS_DEPLOYMENT_TARGET = 17.2;
				MARKETING_VERSION = 1.0;
				PRODUCT_BUNDLE_IDENTIFIER = com.nchain.nBolhaTests;
				PRODUCT_NAME = "$(TARGET_NAME)";
				SWIFT_EMIT_LOC_STRINGS = NO;
				SWIFT_VERSION = 5.0;
				TARGETED_DEVICE_FAMILY = "1,2";
				TEST_HOST = "$(BUILT_PRODUCTS_DIR)/nBolha.app/$(BUNDLE_EXECUTABLE_FOLDER_PATH)/nBolha";
			};
			name = Debug;
		};
		126BA8CE2BAB1C04002B089B /* Release */ = {
			isa = XCBuildConfiguration;
			buildSettings = {
				ALWAYS_EMBED_SWIFT_STANDARD_LIBRARIES = YES;
				BUNDLE_LOADER = "$(TEST_HOST)";
				CODE_SIGN_STYLE = Automatic;
				CURRENT_PROJECT_VERSION = 1;
				GENERATE_INFOPLIST_FILE = YES;
				IPHONEOS_DEPLOYMENT_TARGET = 17.2;
				MARKETING_VERSION = 1.0;
				PRODUCT_BUNDLE_IDENTIFIER = com.nchain.nBolhaTests;
				PRODUCT_NAME = "$(TARGET_NAME)";
				SWIFT_EMIT_LOC_STRINGS = NO;
				SWIFT_VERSION = 5.0;
				TARGETED_DEVICE_FAMILY = "1,2";
				TEST_HOST = "$(BUILT_PRODUCTS_DIR)/nBolha.app/$(BUNDLE_EXECUTABLE_FOLDER_PATH)/nBolha";
			};
			name = Release;
		};
		126BA8D02BAB1C04002B089B /* Debug */ = {
			isa = XCBuildConfiguration;
			buildSettings = {
				ALWAYS_EMBED_SWIFT_STANDARD_LIBRARIES = YES;
				CODE_SIGN_STYLE = Automatic;
				CURRENT_PROJECT_VERSION = 1;
				GENERATE_INFOPLIST_FILE = YES;
				MARKETING_VERSION = 1.0;
				PRODUCT_BUNDLE_IDENTIFIER = com.nchain.nBolhaUITests;
				PRODUCT_NAME = "$(TARGET_NAME)";
				SWIFT_EMIT_LOC_STRINGS = NO;
				SWIFT_VERSION = 5.0;
				TARGETED_DEVICE_FAMILY = "1,2";
				TEST_TARGET_NAME = nBolha;
			};
			name = Debug;
		};
		126BA8D12BAB1C04002B089B /* Release */ = {
			isa = XCBuildConfiguration;
			buildSettings = {
				ALWAYS_EMBED_SWIFT_STANDARD_LIBRARIES = YES;
				CODE_SIGN_STYLE = Automatic;
				CURRENT_PROJECT_VERSION = 1;
				GENERATE_INFOPLIST_FILE = YES;
				MARKETING_VERSION = 1.0;
				PRODUCT_BUNDLE_IDENTIFIER = com.nchain.nBolhaUITests;
				PRODUCT_NAME = "$(TARGET_NAME)";
				SWIFT_EMIT_LOC_STRINGS = NO;
				SWIFT_VERSION = 5.0;
				TARGETED_DEVICE_FAMILY = "1,2";
				TEST_TARGET_NAME = nBolha;
			};
			name = Release;
		};
/* End XCBuildConfiguration section */

/* Begin XCConfigurationList section */
		126BA89A2BAB1C03002B089B /* Build configuration list for PBXProject "nBolha" */ = {
			isa = XCConfigurationList;
			buildConfigurations = (
				126BA8C72BAB1C04002B089B /* Debug */,
				126BA8C82BAB1C04002B089B /* Release */,
			);
			defaultConfigurationIsVisible = 0;
			defaultConfigurationName = Release;
		};
		126BA8C92BAB1C04002B089B /* Build configuration list for PBXNativeTarget "nBolha" */ = {
			isa = XCConfigurationList;
			buildConfigurations = (
				126BA8CA2BAB1C04002B089B /* Debug */,
				126BA8CB2BAB1C04002B089B /* Release */,
			);
			defaultConfigurationIsVisible = 0;
			defaultConfigurationName = Release;
		};
		126BA8CC2BAB1C04002B089B /* Build configuration list for PBXNativeTarget "nBolhaTests" */ = {
			isa = XCConfigurationList;
			buildConfigurations = (
				126BA8CD2BAB1C04002B089B /* Debug */,
				126BA8CE2BAB1C04002B089B /* Release */,
			);
			defaultConfigurationIsVisible = 0;
			defaultConfigurationName = Release;
		};
		126BA8CF2BAB1C04002B089B /* Build configuration list for PBXNativeTarget "nBolhaUITests" */ = {
			isa = XCConfigurationList;
			buildConfigurations = (
				126BA8D02BAB1C04002B089B /* Debug */,
				126BA8D12BAB1C04002B089B /* Release */,
			);
			defaultConfigurationIsVisible = 0;
			defaultConfigurationName = Release;
		};
/* End XCConfigurationList section */
	};
	rootObject = 126BA8972BAB1C03002B089B /* Project object */;
}
